
Microsoft Visual Studio Solution File, Format Version 12.00
# Visual Studio 15
VisualStudioVersion = 15.0.27009.1
MinimumVisualStudioVersion = 10.0.40219.1
Project("{FAE04EC0-301F-11D3-BF4B-00C04F79EFBC}") = "OptixCore.Library", "OptixCore.Library\OptixCore.Library.csproj", "{50718CE3-C289-46F2-A7C7-3F4AE420D2DC}"
EndProject
Global
	GlobalSection(SolutionConfigurationPlatforms) = preSolution
		Debug|Any CPU = Debug|Any CPU
		Release|Any CPU = Release|Any CPU
	EndGlobalSection
	GlobalSection(ProjectConfigurationPlatforms) = postSolution
		{50718CE3-C289-46F2-A7C7-3F4AE420D2DC}.Debug|Any CPU.ActiveCfg = Debug|Any CPU
		{50718CE3-C289-46F2-A7C7-3F4AE420D2DC}.Debug|Any CPU.Build.0 = Debug|Any CPU
		{50718CE3-C289-46F2-A7C7-3F4AE420D2DC}.Release|Any CPU.ActiveCfg = Release|Any CPU
		{50718CE3-C289-46F2-A7C7-3F4AE420D2DC}.Release|Any CPU.Build.0 = Release|Any CPU
	EndGlobalSection
	GlobalSection(SolutionProperties) = preSolution
		HideSolutionNode = FALSE
	EndGlobalSection
	GlobalSection(ExtensibilityGlobals) = postSolution
		SolutionGuid = {AD083EE6-8212-4829-A0F9-33A1BD4AC0F3}
	EndGlobalSection
EndGlobal
