
Microsoft Visual Studio Solution File, Format Version 12.00
# Visual Studio Version 16
VisualStudioVersion = 16.0.30804.86
MinimumVisualStudioVersion = 10.0.40219.1
Project("{9A19103F-16F7-4668-BE54-9A1E7A4F7556}") = "OptixCore.Library", "OptixCore.Library\OptixCore.Library.csproj", "{50718CE3-C289-46F2-A7C7-3F4AE420D2DC}"
EndProject
Project("{9A19103F-16F7-4668-BE54-9A1E7A4F7556}") = "Playground", "Playground\Playground.csproj", "{EEBBC7D7-EA76-47CC-B909-ED97A4BF7625}"
EndProject
Project("{8BC9CEB8-8B4A-11D0-8D11-00A0C91BC942}") = "OptixScripts", "OptixScripts\OptixScripts.vcxproj", "{9EAF5969-69B6-4478-8FBF-2CB2A1D0D275}"
EndProject
Project("{9A19103F-16F7-4668-BE54-9A1E7A4F7556}") = "OptixCore.PrimeSample", "OptixCore.PrimeSample\OptixCore.PrimeSample.csproj", "{328313F7-8D07-4288-BA80-695E377F3A79}"
EndProject
Global
	GlobalSection(SolutionConfigurationPlatforms) = preSolution
		Debug|Any CPU = Debug|Any CPU
		Debug|x64 = Debug|x64
		Debug|x86 = Debug|x86
		Release|Any CPU = Release|Any CPU
		Release|x64 = Release|x64
		Release|x86 = Release|x86
		x64Debug|Any CPU = x64Debug|Any CPU
		x64Debug|x64 = x64Debug|x64
		x64Debug|x86 = x64Debug|x86
	EndGlobalSection
	GlobalSection(ProjectConfigurationPlatforms) = postSolution
		{50718CE3-C289-46F2-A7C7-3F4AE420D2DC}.Debug|Any CPU.ActiveCfg = Debug|x64
		{50718CE3-C289-46F2-A7C7-3F4AE420D2DC}.Debug|Any CPU.Build.0 = Debug|x64
		{50718CE3-C289-46F2-A7C7-3F4AE420D2DC}.Debug|x64.ActiveCfg = Debug|x64
		{50718CE3-C289-46F2-A7C7-3F4AE420D2DC}.Debug|x64.Build.0 = Debug|x64
		{50718CE3-C289-46F2-A7C7-3F4AE420D2DC}.Debug|x86.ActiveCfg = Debug|Any CPU
		{50718CE3-C289-46F2-A7C7-3F4AE420D2DC}.Debug|x86.Build.0 = Debug|Any CPU
		{50718CE3-C289-46F2-A7C7-3F4AE420D2DC}.Release|Any CPU.ActiveCfg = Release|Any CPU
		{50718CE3-C289-46F2-A7C7-3F4AE420D2DC}.Release|Any CPU.Build.0 = Release|Any CPU
		{50718CE3-C289-46F2-A7C7-3F4AE420D2DC}.Release|x64.ActiveCfg = Release|x64
		{50718CE3-C289-46F2-A7C7-3F4AE420D2DC}.Release|x64.Build.0 = Release|x64
		{50718CE3-C289-46F2-A7C7-3F4AE420D2DC}.Release|x86.ActiveCfg = Release|Any CPU
		{50718CE3-C289-46F2-A7C7-3F4AE420D2DC}.Release|x86.Build.0 = Release|Any CPU
		{50718CE3-C289-46F2-A7C7-3F4AE420D2DC}.x64Debug|Any CPU.ActiveCfg = Debug|Any CPU
		{50718CE3-C289-46F2-A7C7-3F4AE420D2DC}.x64Debug|Any CPU.Build.0 = Debug|Any CPU
		{50718CE3-C289-46F2-A7C7-3F4AE420D2DC}.x64Debug|x64.ActiveCfg = Debug|Any CPU
		{50718CE3-C289-46F2-A7C7-3F4AE420D2DC}.x64Debug|x64.Build.0 = Debug|Any CPU
		{50718CE3-C289-46F2-A7C7-3F4AE420D2DC}.x64Debug|x86.ActiveCfg = Debug|Any CPU
		{50718CE3-C289-46F2-A7C7-3F4AE420D2DC}.x64Debug|x86.Build.0 = Debug|Any CPU
		{EEBBC7D7-EA76-47CC-B909-ED97A4BF7625}.Debug|Any CPU.ActiveCfg = Debug|Any CPU
		{EEBBC7D7-EA76-47CC-B909-ED97A4BF7625}.Debug|Any CPU.Build.0 = Debug|Any CPU
		{EEBBC7D7-EA76-47CC-B909-ED97A4BF7625}.Debug|x64.ActiveCfg = Debug|x64
		{EEBBC7D7-EA76-47CC-B909-ED97A4BF7625}.Debug|x64.Build.0 = Debug|x64
		{EEBBC7D7-EA76-47CC-B909-ED97A4BF7625}.Debug|x86.ActiveCfg = Debug|Any CPU
		{EEBBC7D7-EA76-47CC-B909-ED97A4BF7625}.Debug|x86.Build.0 = Debug|Any CPU
		{EEBBC7D7-EA76-47CC-B909-ED97A4BF7625}.Release|Any CPU.ActiveCfg = Release|Any CPU
		{EEBBC7D7-EA76-47CC-B909-ED97A4BF7625}.Release|Any CPU.Build.0 = Release|Any CPU
		{EEBBC7D7-EA76-47CC-B909-ED97A4BF7625}.Release|x64.ActiveCfg = Release|x64
		{EEBBC7D7-EA76-47CC-B909-ED97A4BF7625}.Release|x64.Build.0 = Release|x64
		{EEBBC7D7-EA76-47CC-B909-ED97A4BF7625}.Release|x86.ActiveCfg = Release|Any CPU
		{EEBBC7D7-EA76-47CC-B909-ED97A4BF7625}.Release|x86.Build.0 = Release|Any CPU
		{EEBBC7D7-EA76-47CC-B909-ED97A4BF7625}.x64Debug|Any CPU.ActiveCfg = Debug|Any CPU
		{EEBBC7D7-EA76-47CC-B909-ED97A4BF7625}.x64Debug|Any CPU.Build.0 = Debug|Any CPU
		{EEBBC7D7-EA76-47CC-B909-ED97A4BF7625}.x64Debug|x64.ActiveCfg = Debug|Any CPU
		{EEBBC7D7-EA76-47CC-B909-ED97A4BF7625}.x64Debug|x64.Build.0 = Debug|Any CPU
		{EEBBC7D7-EA76-47CC-B909-ED97A4BF7625}.x64Debug|x86.ActiveCfg = Debug|Any CPU
		{EEBBC7D7-EA76-47CC-B909-ED97A4BF7625}.x64Debug|x86.Build.0 = Debug|Any CPU
		{9EAF5969-69B6-4478-8FBF-2CB2A1D0D275}.Debug|Any CPU.ActiveCfg = Debug|x64
		{9EAF5969-69B6-4478-8FBF-2CB2A1D0D275}.Debug|x64.ActiveCfg = Debug|x64
		{9EAF5969-69B6-4478-8FBF-2CB2A1D0D275}.Debug|x64.Build.0 = Debug|x64
		{9EAF5969-69B6-4478-8FBF-2CB2A1D0D275}.Debug|x86.ActiveCfg = Debug|Win32
		{9EAF5969-69B6-4478-8FBF-2CB2A1D0D275}.Debug|x86.Build.0 = Debug|Win32
		{9EAF5969-69B6-4478-8FBF-2CB2A1D0D275}.Release|Any CPU.ActiveCfg = Release|Win32
		{9EAF5969-69B6-4478-8FBF-2CB2A1D0D275}.Release|x64.ActiveCfg = Release|x64
		{9EAF5969-69B6-4478-8FBF-2CB2A1D0D275}.Release|x64.Build.0 = Release|x64
		{9EAF5969-69B6-4478-8FBF-2CB2A1D0D275}.Release|x86.ActiveCfg = Release|Win32
		{9EAF5969-69B6-4478-8FBF-2CB2A1D0D275}.Release|x86.Build.0 = Release|Win32
		{9EAF5969-69B6-4478-8FBF-2CB2A1D0D275}.x64Debug|Any CPU.ActiveCfg = x64Debug|Win32
		{9EAF5969-69B6-4478-8FBF-2CB2A1D0D275}.x64Debug|x64.ActiveCfg = x64Debug|x64
		{9EAF5969-69B6-4478-8FBF-2CB2A1D0D275}.x64Debug|x64.Build.0 = x64Debug|x64
		{9EAF5969-69B6-4478-8FBF-2CB2A1D0D275}.x64Debug|x86.ActiveCfg = x64Debug|Win32
		{9EAF5969-69B6-4478-8FBF-2CB2A1D0D275}.x64Debug|x86.Build.0 = x64Debug|Win32
		{328313F7-8D07-4288-BA80-695E377F3A79}.Debug|Any CPU.ActiveCfg = Debug|Any CPU
		{328313F7-8D07-4288-BA80-695E377F3A79}.Debug|Any CPU.Build.0 = Debug|Any CPU
		{328313F7-8D07-4288-BA80-695E377F3A79}.Debug|x64.ActiveCfg = Debug|x64
		{328313F7-8D07-4288-BA80-695E377F3A79}.Debug|x64.Build.0 = Debug|x64
		{328313F7-8D07-4288-BA80-695E377F3A79}.Debug|x86.ActiveCfg = Debug|Any CPU
		{328313F7-8D07-4288-BA80-695E377F3A79}.Debug|x86.Build.0 = Debug|Any CPU
		{328313F7-8D07-4288-BA80-695E377F3A79}.Release|Any CPU.ActiveCfg = Release|Any CPU
		{328313F7-8D07-4288-BA80-695E377F3A79}.Release|Any CPU.Build.0 = Release|Any CPU
		{328313F7-8D07-4288-BA80-695E377F3A79}.Release|x64.ActiveCfg = Release|Any CPU
		{328313F7-8D07-4288-BA80-695E377F3A79}.Release|x64.Build.0 = Release|Any CPU
		{328313F7-8D07-4288-BA80-695E377F3A79}.Release|x86.ActiveCfg = Release|Any CPU
		{328313F7-8D07-4288-BA80-695E377F3A79}.Release|x86.Build.0 = Release|Any CPU
		{328313F7-8D07-4288-BA80-695E377F3A79}.x64Debug|Any CPU.ActiveCfg = Debug|Any CPU
		{328313F7-8D07-4288-BA80-695E377F3A79}.x64Debug|Any CPU.Build.0 = Debug|Any CPU
		{328313F7-8D07-4288-BA80-695E377F3A79}.x64Debug|x64.ActiveCfg = Debug|Any CPU
		{328313F7-8D07-4288-BA80-695E377F3A79}.x64Debug|x64.Build.0 = Debug|Any CPU
		{328313F7-8D07-4288-BA80-695E377F3A79}.x64Debug|x86.ActiveCfg = Debug|Any CPU
		{328313F7-8D07-4288-BA80-695E377F3A79}.x64Debug|x86.Build.0 = Debug|Any CPU
	EndGlobalSection
	GlobalSection(SolutionProperties) = preSolution
		HideSolutionNode = FALSE
	EndGlobalSection
	GlobalSection(ExtensibilityGlobals) = postSolution
		SolutionGuid = {AD083EE6-8212-4829-A0F9-33A1BD4AC0F3}
	EndGlobalSection
EndGlobal
